
Microsoft Visual Studio Solution File, Format Version 12.00
# Visual Studio Version 16
VisualStudioVersion = 16.0.30907.101
MinimumVisualStudioVersion = 10.0.40219.1
Project("{FAE04EC0-301F-11D3-BF4B-00C04F79EFBC}") = "AplicacionCaja", "AplicacionCaja\AplicacionCaja.csproj", "{B959CBAC-8BCA-4CF9-9D3B-5F27990A4D0D}"
EndProject
Project("{FAE04EC0-301F-11D3-BF4B-00C04F79EFBC}") = "Integracion", "Integracion\Integracion.csproj", "{418C6E9E-4604-45A4-92FC-89F732C1E523}"
	ProjectSection(ProjectDependencies) = postProject
		{7FBDF840-90C2-477A-8A08-777E63D5E45E} = {7FBDF840-90C2-477A-8A08-777E63D5E45E}
	EndProjectSection
EndProject
Project("{FAE04EC0-301F-11D3-BF4B-00C04F79EFBC}") = "IntegracionAplicacion", "IntegracionAplicacion\IntegracionAplicacion.csproj", "{F0A49CF8-EBFB-4BAC-B1A0-E6C8040C39BE}"
EndProject
Project("{FAE04EC0-301F-11D3-BF4B-00C04F79EFBC}") = "CoreAplicacion", "CoreAplicacion\CoreAplicacion.csproj", "{7FBDF840-90C2-477A-8A08-777E63D5E45E}"
EndProject
Project("{FAE04EC0-301F-11D3-BF4B-00C04F79EFBC}") = "CuadreTransaccionalCajero", "CuadreTransaccionalCajero\CuadreTransaccionalCajero.csproj", "{AFE1DAF9-11CA-4139-866A-C35D28CED3FD}"
EndProject
Project("{FAE04EC0-301F-11D3-BF4B-00C04F79EFBC}") = "ManejadorTransaccionesCajero", "ManejadorTransaccionesCajero\ManejadorTransaccionesCajero.csproj", "{A2976BD3-9BCC-4A86-B1F2-4CF115B2F7C9}"
EndProject
Global
	GlobalSection(SolutionConfigurationPlatforms) = preSolution
		Debug|Any CPU = Debug|Any CPU
		Release|Any CPU = Release|Any CPU
	EndGlobalSection
	GlobalSection(ProjectConfigurationPlatforms) = postSolution
		{B959CBAC-8BCA-4CF9-9D3B-5F27990A4D0D}.Debug|Any CPU.ActiveCfg = Debug|Any CPU
		{B959CBAC-8BCA-4CF9-9D3B-5F27990A4D0D}.Debug|Any CPU.Build.0 = Debug|Any CPU
		{B959CBAC-8BCA-4CF9-9D3B-5F27990A4D0D}.Release|Any CPU.ActiveCfg = Release|Any CPU
		{B959CBAC-8BCA-4CF9-9D3B-5F27990A4D0D}.Release|Any CPU.Build.0 = Release|Any CPU
		{418C6E9E-4604-45A4-92FC-89F732C1E523}.Debug|Any CPU.ActiveCfg = Debug|Any CPU
		{418C6E9E-4604-45A4-92FC-89F732C1E523}.Debug|Any CPU.Build.0 = Debug|Any CPU
		{418C6E9E-4604-45A4-92FC-89F732C1E523}.Release|Any CPU.ActiveCfg = Release|Any CPU
		{418C6E9E-4604-45A4-92FC-89F732C1E523}.Release|Any CPU.Build.0 = Release|Any CPU
		{F0A49CF8-EBFB-4BAC-B1A0-E6C8040C39BE}.Debug|Any CPU.ActiveCfg = Debug|Any CPU
		{F0A49CF8-EBFB-4BAC-B1A0-E6C8040C39BE}.Debug|Any CPU.Build.0 = Debug|Any CPU
		{F0A49CF8-EBFB-4BAC-B1A0-E6C8040C39BE}.Release|Any CPU.ActiveCfg = Release|Any CPU
		{F0A49CF8-EBFB-4BAC-B1A0-E6C8040C39BE}.Release|Any CPU.Build.0 = Release|Any CPU
		{7FBDF840-90C2-477A-8A08-777E63D5E45E}.Debug|Any CPU.ActiveCfg = Debug|Any CPU
		{7FBDF840-90C2-477A-8A08-777E63D5E45E}.Debug|Any CPU.Build.0 = Debug|Any CPU
		{7FBDF840-90C2-477A-8A08-777E63D5E45E}.Release|Any CPU.ActiveCfg = Release|Any CPU
		{7FBDF840-90C2-477A-8A08-777E63D5E45E}.Release|Any CPU.Build.0 = Release|Any CPU
		{AFE1DAF9-11CA-4139-866A-C35D28CED3FD}.Debug|Any CPU.ActiveCfg = Debug|Any CPU
		{AFE1DAF9-11CA-4139-866A-C35D28CED3FD}.Debug|Any CPU.Build.0 = Debug|Any CPU
		{AFE1DAF9-11CA-4139-866A-C35D28CED3FD}.Release|Any CPU.ActiveCfg = Release|Any CPU
		{AFE1DAF9-11CA-4139-866A-C35D28CED3FD}.Release|Any CPU.Build.0 = Release|Any CPU
		{A2976BD3-9BCC-4A86-B1F2-4CF115B2F7C9}.Debug|Any CPU.ActiveCfg = Debug|Any CPU
		{A2976BD3-9BCC-4A86-B1F2-4CF115B2F7C9}.Debug|Any CPU.Build.0 = Debug|Any CPU
		{A2976BD3-9BCC-4A86-B1F2-4CF115B2F7C9}.Release|Any CPU.ActiveCfg = Release|Any CPU
		{A2976BD3-9BCC-4A86-B1F2-4CF115B2F7C9}.Release|Any CPU.Build.0 = Release|Any CPU
	EndGlobalSection
	GlobalSection(SolutionProperties) = preSolution
		HideSolutionNode = FALSE
	EndGlobalSection
	GlobalSection(ExtensibilityGlobals) = postSolution
		SolutionGuid = {00AF669D-9DFB-4D8F-9B63-2959CEB432F2}
	EndGlobalSection
EndGlobal
